<?xml version="1.0" encoding="utf-8"?>
<Project ToolsVersion="4.0" xmlns="http://schemas.microsoft.com/developer/msbuild/2003">
  <ItemGroup>
    <Filter Include="Source Files">
      <UniqueIdentifier>{4FC737F1-C7A5-4376-A066-2A32D752A2FF}</UniqueIdentifier>
      <Extensions>cpp;c;cc;cxx;c++;cppm;ixx;def;odl;idl;hpj;bat;asm;asmx</Extensions>
    </Filter>
    <Filter Include="Header Files">
      <UniqueIdentifier>{93995380-89BD-4b04-88EB-625FBE52EBFB}</UniqueIdentifier>
      <Extensions>h;hh;hpp;hxx;h++;hm;inl;inc;ipp;xsd</Extensions>
    </Filter>
    <Filter Include="Resource Files">
      <UniqueIdentifier>{67DA6AB6-F800-4c08-8B7A-83BB121AAD01}</UniqueIdentifier>
      <Extensions>rc;ico;cur;bmp;dlg;rc2;rct;bin;rgs;gif;jpg;jpeg;jpe;resx;tiff;tif;png;wav;mfcribbon-ms</Extensions>
    </Filter>
  </ItemGroup>
  <ItemGroup>
    <ClCompile Include="src\Main.cpp">
      <Filter>Source Files</Filter>
    </ClCompile>
    <ClCompile Include="src\objects\TrackedObject.cpp">
      <Filter>Source Files</Filter>
    </ClCompile>
    <ClCompile Include="src\commands\CommandFactory.cpp">
      <Filter>Source Files</Filter>
    </ClCompile>
    <ClCompile Include="src\commands\StatusCommand.cpp">
      <Filter>Source Files</Filter>
    </ClCompile>
    <ClCompile Include="src\collections\CommandKeyDictionary.cpp">
      <Filter>Source Files</Filter>
    </ClCompile>
    <ClCompile Include="src\ArcCLI.cpp">
      <Filter>Source Files</Filter>
    </ClCompile>
    <ClCompile Include="src\exceptions\UninitializedRepoException.cpp">
      <Filter>Source Files</Filter>
    </ClCompile>
    <ClCompile Include="src\commands\InitCommand.cpp">
      <Filter>Source Files</Filter>
    </ClCompile>
    <ClCompile Include="src\exceptions\NonValidCommandException.cpp">
      <Filter>Source Files</Filter>
    </ClCompile>
    <ClCompile Include="src\exceptions\CommandRuntimeException.cpp">
      <Filter>Source Files</Filter>
    </ClCompile>
    <ClCompile Include="src\objects\TreeObject.cpp">
      <Filter>Source Files</Filter>
    </ClCompile>
    <ClCompile Include="src\objects\BlobObject.cpp">
      <Filter>Source Files</Filter>
    </ClCompile>
    <ClCompile Include="src\mt\ThreadPool.cpp">
      <Filter>Source Files</Filter>
    </ClCompile>
    <ClCompile Include="src\tasks\WaitForThreadTasks.cpp">
      <Filter>Source Files</Filter>
    </ClCompile>
  </ItemGroup>
  <ItemGroup>
    <ClInclude Include="src\objects\TrackedObject.h">
      <Filter>Header Files</Filter>
    </ClInclude>
    <ClInclude Include="src\io\ISerializable.h">
      <Filter>Header Files</Filter>
    </ClInclude>
    <ClInclude Include="src\objects\TrackedType.h">
      <Filter>Header Files</Filter>
    </ClInclude>
    <ClInclude Include="src\objects\TreeObject.h">
      <Filter>Header Files</Filter>
    </ClInclude>
    <ClInclude Include="src\objects\BlobObject.h">
      <Filter>Header Files</Filter>
    </ClInclude>
    <ClInclude Include="src\objects\CommitObject.h">
      <Filter>Header Files</Filter>
    </ClInclude>
    <ClInclude Include="src\commands\ICommand.h">
      <Filter>Header Files</Filter>
    </ClInclude>
    <ClInclude Include="src\commands\StatusCommand.h">
      <Filter>Header Files</Filter>
    </ClInclude>
    <ClInclude Include="src\commands\CommandFactory.h">
      <Filter>Header Files</Filter>
    </ClInclude>
    <ClInclude Include="src\commands\CommandData.h">
      <Filter>Header Files</Filter>
    </ClInclude>
    <ClInclude Include="src\commands\CommandType.h">
      <Filter>Header Files</Filter>
    </ClInclude>
    <ClInclude Include="src\collections\CommandKeyDictionary.h">
      <Filter>Header Files</Filter>
    </ClInclude>
    <ClInclude Include="src\ArcCLI.h">
      <Filter>Header Files</Filter>
    </ClInclude>
    <ClInclude Include="src\exceptions\NonValidCommandException.h">
      <Filter>Header Files</Filter>
    </ClInclude>
    <ClInclude Include="src\exceptions\UninitializedRepoException.h">
      <Filter>Header Files</Filter>
    </ClInclude>
    <ClInclude Include="src\commands\InitCommand.h">
      <Filter>Header Files</Filter>
    </ClInclude>
    <ClInclude Include="src\io\FileUtils.h">
      <Filter>Header Files</Filter>
    </ClInclude>
    <ClInclude Include="src\exceptions\ArcRuntimeException.h">
      <Filter>Header Files</Filter>
    </ClInclude>
    <ClInclude Include="src\exceptions\CommandRuntimeException.h">
      <Filter>Header Files</Filter>
    </ClInclude>
    <ClInclude Include="src\mt\IRunnable.h">
      <Filter>Header Files</Filter>
    </ClInclude>
    <ClInclude Include="src\mt\ThreadPool.h">
      <Filter>Header Files</Filter>
    </ClInclude>
    <ClInclude Include="src\mt\Task.h">
      <Filter>Header Files</Filter>
    </ClInclude>
    <ClInclude Include="src\mt\ThreadInstance.h">
      <Filter>Header Files</Filter>
    </ClInclude>
    <ClInclude Include="src\tasks\WaitForThreadTasks.h">
      <Filter>Header Files</Filter>
    </ClInclude>
    <ClInclude Include="src\mt\CountingTask.h">
      <Filter>Header Files</Filter>
    </ClInclude>
  </ItemGroup>
</Project>